<?xml version="1.0" encoding="utf-8"?>
<Project ToolsVersion="4.0" xmlns="http://schemas.microsoft.com/developer/msbuild/2003">
  <ItemGroup>
    <Filter Include="Source Files">
      <UniqueIdentifier>{4FC737F1-C7A5-4376-A066-2A32D752A2FF}</UniqueIdentifier>
      <Extensions>cpp;c;cc;cxx;c++;cppm;ixx;def;odl;idl;hpj;bat;asm;asmx</Extensions>
    </Filter>
    <Filter Include="Header Files">
      <UniqueIdentifier>{93995380-89BD-4b04-88EB-625FBE52EBFB}</UniqueIdentifier>
      <Extensions>h;hh;hpp;hxx;h++;hm;inl;inc;ipp;xsd</Extensions>
    </Filter>
    <Filter Include="Resource Files">
      <UniqueIdentifier>{67DA6AB6-F800-4c08-8B7A-83BB121AAD01}</UniqueIdentifier>
      <Extensions>rc;ico;cur;bmp;dlg;rc2;rct;bin;rgs;gif;jpg;jpeg;jpe;resx;tiff;tif;png;wav;mfcribbon-ms</Extensions>
    </Filter>
  </ItemGroup>
  <ItemGroup>
    <ClCompile Include="scheduling\TimedExecutor.cpp">
      <Filter>Source Files</Filter>
    </ClCompile>
    <ClCompile Include="playback\devices\GnssInsSensorPlaybackDevice.cpp">
      <Filter>Source Files</Filter>
    </ClCompile>
    <ClCompile Include="playback\devices\SonarSensorPlaybackDevice.cpp">
      <Filter>Source Files</Filter>
    </ClCompile>
    <ClCompile Include="playback\devices\SoundSpeedSensorPlaybackDevice.cpp">
      <Filter>Source Files</Filter>
    </ClCompile>
    <ClCompile Include="positioning\SonarPositioner.cpp">
      <Filter>Source Files</Filter>
    </ClCompile>
    <ClCompile Include="playback\SonarPositionerPlaybackController.cpp">
      <Filter>Source Files</Filter>
    </ClCompile>
    <ClCompile Include="common\log.cpp">
      <Filter>Source Files</Filter>
    </ClCompile>
    <ClCompile Include="tools\time_conversion.cpp">
      <Filter>Source Files</Filter>
    </ClCompile>
  </ItemGroup>
  <ItemGroup>
    <ClInclude Include="playback\devices\GnssInsSensorPlaybackDevice.h">
      <Filter>Header Files</Filter>
    </ClInclude>
    <ClInclude Include="playback\devices\SonarSensorPlaybackDevice.h">
      <Filter>Header Files</Filter>
    </ClInclude>
    <ClInclude Include="playback\devices\SoundSpeedSensorPlaybackDevice.h">
      <Filter>Header Files</Filter>
    </ClInclude>
    <ClInclude Include="common\types.h">
      <Filter>Header Files</Filter>
    </ClInclude>
    <ClInclude Include="scheduling\TimedExecutor.h">
      <Filter>Header Files</Filter>
    </ClInclude>
    <ClInclude Include="sensors\IGnssInsSensor.h">
      <Filter>Header Files</Filter>
    </ClInclude>
    <ClInclude Include="sensors\ISonarSensor.h">
      <Filter>Header Files</Filter>
    </ClInclude>
    <ClInclude Include="sensors\ISoundSpeedSensor.h">
      <Filter>Header Files</Filter>
    </ClInclude>
    <ClInclude Include="sensors\data\GnssInsRecord.h">
      <Filter>Header Files</Filter>
    </ClInclude>
    <ClInclude Include="sensors\data\SoundSpeedRecord.h">
      <Filter>Header Files</Filter>
    </ClInclude>
    <ClInclude Include="sensors\data\SonarRecord.h">
      <Filter>Header Files</Filter>
    </ClInclude>
    <ClInclude Include="scheduling\ITimedExecutable.h">
      <Filter>Header Files</Filter>
    </ClInclude>
    <ClInclude Include="positioning\SonarPositioner.h">
      <Filter>Header Files</Filter>
    </ClInclude>
    <ClInclude Include="common\Context.h">
      <Filter>Header Files</Filter>
    </ClInclude>
    <ClInclude Include="playback\SonarPositionerPlaybackController.h">
      <Filter>Header Files</Filter>
    </ClInclude>
    <ClInclude Include="tools\ObjectRepo.h">
      <Filter>Header Files</Filter>
    </ClInclude>
    <ClInclude Include="tools\thread_safe\MessageQueue.h">
      <Filter>Header Files</Filter>
    </ClInclude>
    <ClInclude Include="common\log.h">
      <Filter>Header Files</Filter>
    </ClInclude>
    <ClInclude Include="tools\parsing\StreamLineParser.h">
      <Filter>Header Files</Filter>
    </ClInclude>
    <ClInclude Include="tools\parsing\FileStreamLineParser.h">
      <Filter>Header Files</Filter>
    </ClInclude>
    <ClInclude Include="tools\parsing\ThreadedStreamLineParser.h">
      <Filter>Header Files</Filter>
    </ClInclude>
    <ClInclude Include="tools\time_conversion.h">
      <Filter>Header Files</Filter>
    </ClInclude>
    <ClInclude Include="sensors\data\parsing\SoundSpeedRecord.h">
      <Filter>Header Files</Filter>
    </ClInclude>
    <ClInclude Include="sensors\data\parsing\GnssInsRecordParser.h">
      <Filter>Header Files</Filter>
    </ClInclude>
    <ClInclude Include="sensors\data\parsing\SonarRecordParser.h">
      <Filter>Header Files</Filter>
    </ClInclude>
  </ItemGroup>
</Project>